
Microsoft Visual Studio Solution File, Format Version 12.00
# Visual Studio Version 17
VisualStudioVersion = 17.11.35222.181
MinimumVisualStudioVersion = 10.0.40219.1
Project("{FAE04EC0-301F-11D3-BF4B-00C04F79EFBC}") = "RegularCustomer", "RegularCustomer\RegularCustomer.csproj", "{AAA97B51-03B8-42E3-8192-E9783B02CA66}"
EndProject
Global
	GlobalSection(SolutionConfigurationPlatforms) = preSolution
		Debug|Any CPU = Debug|Any CPU
		Release|Any CPU = Release|Any CPU
	EndGlobalSection
	GlobalSection(ProjectConfigurationPlatforms) = postSolution
		{AAA97B51-03B8-42E3-8192-E9783B02CA66}.Debug|Any CPU.ActiveCfg = Debug|Any CPU
		{AAA97B51-03B8-42E3-8192-E9783B02CA66}.Debug|Any CPU.Build.0 = Debug|Any CPU
		{AAA97B51-03B8-42E3-8192-E9783B02CA66}.Release|Any CPU.ActiveCfg = Release|Any CPU
		{AAA97B51-03B8-42E3-8192-E9783B02CA66}.Release|Any CPU.Build.0 = Release|Any CPU
	EndGlobalSection
	GlobalSection(SolutionProperties) = preSolution
		HideSolutionNode = FALSE
	EndGlobalSection
	GlobalSection(ExtensibilityGlobals) = postSolution
		SolutionGuid = {1FF8DCBA-52C3-401E-AB1C-5FB31670EA14}
	EndGlobalSection
EndGlobal
